
Microsoft Visual Studio Solution File, Format Version 12.00
# Visual Studio Version 17
VisualStudioVersion = 17.4.33122.133
MinimumVisualStudioVersion = 10.0.40219.1
Project("{FAE04EC0-301F-11D3-BF4B-00C04F79EFBC}") = "MathQuiz 1", "MathQuiz 1.csproj", "{7AA2E458-CF87-437D-95D2-29DA217CC1A9}"
EndProject
Global
	GlobalSection(SolutionConfigurationPlatforms) = preSolution
		Debug|Any CPU = Debug|Any CPU
		Release|Any CPU = Release|Any CPU
	EndGlobalSection
	GlobalSection(ProjectConfigurationPlatforms) = postSolution
		{7AA2E458-CF87-437D-95D2-29DA217CC1A9}.Debug|Any CPU.ActiveCfg = Debug|Any CPU
		{7AA2E458-CF87-437D-95D2-29DA217CC1A9}.Debug|Any CPU.Build.0 = Debug|Any CPU
		{7AA2E458-CF87-437D-95D2-29DA217CC1A9}.Release|Any CPU.ActiveCfg = Release|Any CPU
		{7AA2E458-CF87-437D-95D2-29DA217CC1A9}.Release|Any CPU.Build.0 = Release|Any CPU
	EndGlobalSection
	GlobalSection(SolutionProperties) = preSolution
		HideSolutionNode = FALSE
	EndGlobalSection
	GlobalSection(ExtensibilityGlobals) = postSolution
		SolutionGuid = {0A32CB67-7137-428C-A9C9-40DB3F92F2CD}
	EndGlobalSection
EndGlobal
